# This file is automatically @generated by Cargo.
# It is not intended for manual editing.
version = 4

[[package]]
name = "forgepoint-cli"
version = "0.1.0"
dependencies = [
 "forgepoint-core",
]

[[package]]
name = "forgepoint-core"
version = "0.1.0"

[[package]]
name = "forgepoint-server"
version = "0.1.0"
dependencies = [
 "forgepoint-core",
]
